{
  "name": "medium",
  "version": "1.0.0",
  "lockfileVersion": 2,
  "requires": true,
  "packages": {
    "": {
      "name": "medium",
      "version": "1.0.0",
      "license": "ISC",
      "dependencies": {
        "@ip8/basic": "^1.0.1"
      }
    },
    "node_modules/@ip8/basic": {
      "version": "1.0.1",
      "resolved": "https://registry.npmjs.org/@ip8/basic/-/basic-1.0.1.tgz",
      "integrity": "sha512-JT1pUBl/JyHJCzg1tzk/K/ppnlDPwU13l8GV+ziPmxNejNvxJuLdZW6woxcCJSgM5EdENjGeKhof03MzNhtT0w=="
    }
  },
  "dependencies": {
    "@ip8/basic": {
      "version": "1.0.1",
      "resolved": "https://registry.npmjs.org/@ip8/basic/-/basic-1.0.1.tgz",
      "integrity": "sha512-JT1pUBl/JyHJCzg1tzk/K/ppnlDPwU13l8GV+ziPmxNejNvxJuLdZW6woxcCJSgM5EdENjGeKhof03MzNhtT0w=="
    }
  }
}
